
Microsoft Visual Studio Solution File, Format Version 12.00
# Visual Studio Version 17
VisualStudioVersion = 17.10.34928.147
MinimumVisualStudioVersion = 10.0.40219.1
Project("{FAE04EC0-301F-11D3-BF4B-00C04F79EFBC}") = "ChallengeAbstract", "ChallengeAbstract\ChallengeAbstract.csproj", "{7CB5CC25-AE46-4F12-AFF8-C24BB4F68910}"
EndProject
Global
	GlobalSection(SolutionConfigurationPlatforms) = preSolution
		Debug|Any CPU = Debug|Any CPU
		Release|Any CPU = Release|Any CPU
	EndGlobalSection
	GlobalSection(ProjectConfigurationPlatforms) = postSolution
		{7CB5CC25-AE46-4F12-AFF8-C24BB4F68910}.Debug|Any CPU.ActiveCfg = Debug|Any CPU
		{7CB5CC25-AE46-4F12-AFF8-C24BB4F68910}.Debug|Any CPU.Build.0 = Debug|Any CPU
		{7CB5CC25-AE46-4F12-AFF8-C24BB4F68910}.Release|Any CPU.ActiveCfg = Release|Any CPU
		{7CB5CC25-AE46-4F12-AFF8-C24BB4F68910}.Release|Any CPU.Build.0 = Release|Any CPU
	EndGlobalSection
	GlobalSection(SolutionProperties) = preSolution
		HideSolutionNode = FALSE
	EndGlobalSection
	GlobalSection(ExtensibilityGlobals) = postSolution
		SolutionGuid = {D36DA45E-2DEE-4993-9BD2-EBD30E66AD9A}
	EndGlobalSection
EndGlobal
