
Microsoft Visual Studio Solution File, Format Version 12.00
# Visual Studio Version 17
VisualStudioVersion = 17.10.34928.147
MinimumVisualStudioVersion = 10.0.40219.1
Project("{FAE04EC0-301F-11D3-BF4B-00C04F79EFBC}") = "Forloop", "Forloop\Forloop.csproj", "{981ECD6D-F077-410A-9B64-FA27852E6731}"
EndProject
Global
	GlobalSection(SolutionConfigurationPlatforms) = preSolution
		Debug|Any CPU = Debug|Any CPU
		Release|Any CPU = Release|Any CPU
	EndGlobalSection
	GlobalSection(ProjectConfigurationPlatforms) = postSolution
		{981ECD6D-F077-410A-9B64-FA27852E6731}.Debug|Any CPU.ActiveCfg = Debug|Any CPU
		{981ECD6D-F077-410A-9B64-FA27852E6731}.Debug|Any CPU.Build.0 = Debug|Any CPU
		{981ECD6D-F077-410A-9B64-FA27852E6731}.Release|Any CPU.ActiveCfg = Release|Any CPU
		{981ECD6D-F077-410A-9B64-FA27852E6731}.Release|Any CPU.Build.0 = Release|Any CPU
	EndGlobalSection
	GlobalSection(SolutionProperties) = preSolution
		HideSolutionNode = FALSE
	EndGlobalSection
	GlobalSection(ExtensibilityGlobals) = postSolution
		SolutionGuid = {D9D8D231-B889-48FE-8A9B-F0B34B58CDE2}
	EndGlobalSection
EndGlobal
